
Microsoft Visual Studio Solution File, Format Version 12.00
# Visual Studio 15
VisualStudioVersion = 15.0.27428.2027
MinimumVisualStudioVersion = 10.0.40219.1
Project("{9A19103F-16F7-4668-BE54-9A1E7A4F7556}") = "Dzaba.Randomizer.DataAccess.Contracts", "Src\Dzaba.Randomizer.DataAccess.Contracts\Dzaba.Randomizer.DataAccess.Contracts.csproj", "{4C2CF5F3-BB2D-4CF7-ADC5-327BDEA7426E}"
EndProject
Project("{9A19103F-16F7-4668-BE54-9A1E7A4F7556}") = "Dzaba.Randomizer.Utils", "Src\Dzaba.Randomizer.Utils\Dzaba.Randomizer.Utils.csproj", "{43937C65-42C2-4AF0-B0D8-9260CEB82984}"
EndProject
Project("{9A19103F-16F7-4668-BE54-9A1E7A4F7556}") = "Dzaba.Randomizer.DataAccess.EntityFramework", "Src\Dzaba.Randomizer.DataAccess.EntityFramework\Dzaba.Randomizer.DataAccess.EntityFramework.csproj", "{9FDB746C-2186-47D5-B56C-C12C9B5B29EB}"
EndProject
Project("{9A19103F-16F7-4668-BE54-9A1E7A4F7556}") = "Dzaba.Randomizer.DataAccess.EntityFramework.Sqlite", "Src\Dzaba.Randomizer.DataAccess.EntityFramework.Sqlite\Dzaba.Randomizer.DataAccess.EntityFramework.Sqlite.csproj", "{D037B0D1-991B-4AAA-AF3A-9AC0F87A40B0}"
EndProject
Project("{FAE04EC0-301F-11D3-BF4B-00C04F79EFBC}") = "Dzaba.Randomizer.IntegrationTests", "Src\Dzaba.Randomizer.IntegrationTests\Dzaba.Randomizer.IntegrationTests.csproj", "{06BE3EBA-CDC0-4BC7-86D0-52C5E83B01B7}"
EndProject
Project("{9A19103F-16F7-4668-BE54-9A1E7A4F7556}") = "Dzaba.Randomizer.Contracts", "Src\Dzaba.Randomizer.Contracts\Dzaba.Randomizer.Contracts.csproj", "{4A5FC180-8044-4B6B-A84E-1C8FB682A3A6}"
EndProject
Project("{9A19103F-16F7-4668-BE54-9A1E7A4F7556}") = "Dzaba.Randomizer.WebApi.Core", "Src\Dzaba.Randomizer.WebApi.Core\Dzaba.Randomizer.WebApi.Core.csproj", "{6AA619CA-0B10-4924-B046-FCCCC3877BB1}"
EndProject
Project("{9A19103F-16F7-4668-BE54-9A1E7A4F7556}") = "Dzaba.Randomizer.WebApi", "Src\Dzaba.Randomizer.WebApi\Dzaba.Randomizer.WebApi.csproj", "{E6A1A494-423B-423A-A5CC-541C81EF9E1B}"
EndProject
Project("{FAE04EC0-301F-11D3-BF4B-00C04F79EFBC}") = "Dzaba.Randomizer.WebApi.Jwt", "Src\Dzaba.Randomizer.WebApi.Jwt\Dzaba.Randomizer.WebApi.Jwt.csproj", "{99AEB096-9983-48FD-94A9-C133A45D390E}"
EndProject
Global
	GlobalSection(SolutionConfigurationPlatforms) = preSolution
		Debug|Any CPU = Debug|Any CPU
		Release|Any CPU = Release|Any CPU
	EndGlobalSection
	GlobalSection(ProjectConfigurationPlatforms) = postSolution
		{4C2CF5F3-BB2D-4CF7-ADC5-327BDEA7426E}.Debug|Any CPU.ActiveCfg = Debug|Any CPU
		{4C2CF5F3-BB2D-4CF7-ADC5-327BDEA7426E}.Debug|Any CPU.Build.0 = Debug|Any CPU
		{4C2CF5F3-BB2D-4CF7-ADC5-327BDEA7426E}.Release|Any CPU.ActiveCfg = Release|Any CPU
		{4C2CF5F3-BB2D-4CF7-ADC5-327BDEA7426E}.Release|Any CPU.Build.0 = Release|Any CPU
		{43937C65-42C2-4AF0-B0D8-9260CEB82984}.Debug|Any CPU.ActiveCfg = Debug|Any CPU
		{43937C65-42C2-4AF0-B0D8-9260CEB82984}.Debug|Any CPU.Build.0 = Debug|Any CPU
		{43937C65-42C2-4AF0-B0D8-9260CEB82984}.Release|Any CPU.ActiveCfg = Release|Any CPU
		{43937C65-42C2-4AF0-B0D8-9260CEB82984}.Release|Any CPU.Build.0 = Release|Any CPU
		{9FDB746C-2186-47D5-B56C-C12C9B5B29EB}.Debug|Any CPU.ActiveCfg = Debug|Any CPU
		{9FDB746C-2186-47D5-B56C-C12C9B5B29EB}.Debug|Any CPU.Build.0 = Debug|Any CPU
		{9FDB746C-2186-47D5-B56C-C12C9B5B29EB}.Release|Any CPU.ActiveCfg = Release|Any CPU
		{9FDB746C-2186-47D5-B56C-C12C9B5B29EB}.Release|Any CPU.Build.0 = Release|Any CPU
		{D037B0D1-991B-4AAA-AF3A-9AC0F87A40B0}.Debug|Any CPU.ActiveCfg = Debug|Any CPU
		{D037B0D1-991B-4AAA-AF3A-9AC0F87A40B0}.Debug|Any CPU.Build.0 = Debug|Any CPU
		{D037B0D1-991B-4AAA-AF3A-9AC0F87A40B0}.Release|Any CPU.ActiveCfg = Release|Any CPU
		{D037B0D1-991B-4AAA-AF3A-9AC0F87A40B0}.Release|Any CPU.Build.0 = Release|Any CPU
		{06BE3EBA-CDC0-4BC7-86D0-52C5E83B01B7}.Debug|Any CPU.ActiveCfg = Debug|Any CPU
		{06BE3EBA-CDC0-4BC7-86D0-52C5E83B01B7}.Debug|Any CPU.Build.0 = Debug|Any CPU
		{06BE3EBA-CDC0-4BC7-86D0-52C5E83B01B7}.Release|Any CPU.ActiveCfg = Release|Any CPU
		{06BE3EBA-CDC0-4BC7-86D0-52C5E83B01B7}.Release|Any CPU.Build.0 = Release|Any CPU
		{4A5FC180-8044-4B6B-A84E-1C8FB682A3A6}.Debug|Any CPU.ActiveCfg = Debug|Any CPU
		{4A5FC180-8044-4B6B-A84E-1C8FB682A3A6}.Debug|Any CPU.Build.0 = Debug|Any CPU
		{4A5FC180-8044-4B6B-A84E-1C8FB682A3A6}.Release|Any CPU.ActiveCfg = Release|Any CPU
		{4A5FC180-8044-4B6B-A84E-1C8FB682A3A6}.Release|Any CPU.Build.0 = Release|Any CPU
		{6AA619CA-0B10-4924-B046-FCCCC3877BB1}.Debug|Any CPU.ActiveCfg = Debug|Any CPU
		{6AA619CA-0B10-4924-B046-FCCCC3877BB1}.Debug|Any CPU.Build.0 = Debug|Any CPU
		{6AA619CA-0B10-4924-B046-FCCCC3877BB1}.Release|Any CPU.ActiveCfg = Release|Any CPU
		{6AA619CA-0B10-4924-B046-FCCCC3877BB1}.Release|Any CPU.Build.0 = Release|Any CPU
		{E6A1A494-423B-423A-A5CC-541C81EF9E1B}.Debug|Any CPU.ActiveCfg = Debug|Any CPU
		{E6A1A494-423B-423A-A5CC-541C81EF9E1B}.Debug|Any CPU.Build.0 = Debug|Any CPU
		{E6A1A494-423B-423A-A5CC-541C81EF9E1B}.Release|Any CPU.ActiveCfg = Release|Any CPU
		{E6A1A494-423B-423A-A5CC-541C81EF9E1B}.Release|Any CPU.Build.0 = Release|Any CPU
		{99AEB096-9983-48FD-94A9-C133A45D390E}.Debug|Any CPU.ActiveCfg = Debug|Any CPU
		{99AEB096-9983-48FD-94A9-C133A45D390E}.Debug|Any CPU.Build.0 = Debug|Any CPU
		{99AEB096-9983-48FD-94A9-C133A45D390E}.Release|Any CPU.ActiveCfg = Release|Any CPU
		{99AEB096-9983-48FD-94A9-C133A45D390E}.Release|Any CPU.Build.0 = Release|Any CPU
	EndGlobalSection
	GlobalSection(SolutionProperties) = preSolution
		HideSolutionNode = FALSE
	EndGlobalSection
	GlobalSection(ExtensibilityGlobals) = postSolution
		SolutionGuid = {431DA7CB-C06D-490A-ADD6-2B41C8A1BDDA}
	EndGlobalSection
EndGlobal
